
Microsoft Visual Studio Solution File, Format Version 12.00
# Visual Studio 15
VisualStudioVersion = 15.0.26730.16
MinimumVisualStudioVersion = 10.0.40219.1
Project("{FAE04EC0-301F-11D3-BF4B-00C04F79EFBC}") = "NovoBackEnd", "NovoBackEnd\NovoBackEnd.csproj", "{FB3DB5EA-7D0F-40F4-8A74-C3BD7E14311E}"
EndProject
Global
	GlobalSection(SolutionConfigurationPlatforms) = preSolution
		Debug|Any CPU = Debug|Any CPU
		Release|Any CPU = Release|Any CPU
	EndGlobalSection
	GlobalSection(ProjectConfigurationPlatforms) = postSolution
		{FB3DB5EA-7D0F-40F4-8A74-C3BD7E14311E}.Debug|Any CPU.ActiveCfg = Debug|Any CPU
		{FB3DB5EA-7D0F-40F4-8A74-C3BD7E14311E}.Debug|Any CPU.Build.0 = Debug|Any CPU
		{FB3DB5EA-7D0F-40F4-8A74-C3BD7E14311E}.Release|Any CPU.ActiveCfg = Release|Any CPU
		{FB3DB5EA-7D0F-40F4-8A74-C3BD7E14311E}.Release|Any CPU.Build.0 = Release|Any CPU
	EndGlobalSection
	GlobalSection(SolutionProperties) = preSolution
		HideSolutionNode = FALSE
	EndGlobalSection
	GlobalSection(ExtensibilityGlobals) = postSolution
		SolutionGuid = {851F5B51-C8F3-43D5-85DF-07D6ED3D0CB5}
	EndGlobalSection
EndGlobal
